{
  "lockfileVersion": 1,
  "workspaces": {
    "": {
      "dependencies": {
        "mprocs": "^0.7.3",
      },
    },
  },
  "packages": {
    "mprocs": ["mprocs@0.7.3", "", { "bin": { "mprocs": "cli.js" } }, "sha512-I1Ptja/UnNVVSV5QEnBdiiwW70HMWJlmnMq6nvw4J7fwZ3s8UZGuf/FG+FTAUr6CLfat8kriHj+mWLx7xsLKSw=="],
  }
}
